
Microsoft Visual Studio Solution File, Format Version 12.00
# Visual Studio 2012
Project("{FAE04EC0-301F-11D3-BF4B-00C04F79EFBC}") = "22_DinhDangVanBan", "22_DinhDangVanBan\22_DinhDangVanBan.csproj", "{E405A60B-E8F4-442D-A88A-4972789DE7D2}"
EndProject
Global
	GlobalSection(SolutionConfigurationPlatforms) = preSolution
		Debug|Any CPU = Debug|Any CPU
		Release|Any CPU = Release|Any CPU
	EndGlobalSection
	GlobalSection(ProjectConfigurationPlatforms) = postSolution
		{E405A60B-E8F4-442D-A88A-4972789DE7D2}.Debug|Any CPU.ActiveCfg = Debug|Any CPU
		{E405A60B-E8F4-442D-A88A-4972789DE7D2}.Debug|Any CPU.Build.0 = Debug|Any CPU
		{E405A60B-E8F4-442D-A88A-4972789DE7D2}.Release|Any CPU.ActiveCfg = Release|Any CPU
		{E405A60B-E8F4-442D-A88A-4972789DE7D2}.Release|Any CPU.Build.0 = Release|Any CPU
	EndGlobalSection
	GlobalSection(SolutionProperties) = preSolution
		HideSolutionNode = FALSE
	EndGlobalSection
EndGlobal
