
Microsoft Visual Studio Solution File, Format Version 12.00
# Visual Studio Version 17
VisualStudioVersion = 17.7.34031.279
MinimumVisualStudioVersion = 10.0.40219.1
Project("{FAE04EC0-301F-11D3-BF4B-00C04F79EFBC}") = "ChuDe5_Nhom11", "ChuDe5_Nhom11\ChuDe5_Nhom11.csproj", "{BFE6ED65-D30D-4EE8-A186-53A1BFAC84B2}"
EndProject
Global
	GlobalSection(SolutionConfigurationPlatforms) = preSolution
		Debug|Any CPU = Debug|Any CPU
		Release|Any CPU = Release|Any CPU
	EndGlobalSection
	GlobalSection(ProjectConfigurationPlatforms) = postSolution
		{BFE6ED65-D30D-4EE8-A186-53A1BFAC84B2}.Debug|Any CPU.ActiveCfg = Debug|Any CPU
		{BFE6ED65-D30D-4EE8-A186-53A1BFAC84B2}.Debug|Any CPU.Build.0 = Debug|Any CPU
		{BFE6ED65-D30D-4EE8-A186-53A1BFAC84B2}.Release|Any CPU.ActiveCfg = Release|Any CPU
		{BFE6ED65-D30D-4EE8-A186-53A1BFAC84B2}.Release|Any CPU.Build.0 = Release|Any CPU
	EndGlobalSection
	GlobalSection(SolutionProperties) = preSolution
		HideSolutionNode = FALSE
	EndGlobalSection
	GlobalSection(ExtensibilityGlobals) = postSolution
		SolutionGuid = {61315E43-F5D9-4F98-8294-35C6CF9502AA}
	EndGlobalSection
EndGlobal
