
Microsoft Visual Studio Solution File, Format Version 12.00
# Visual Studio 2012
Project("{FAE04EC0-301F-11D3-BF4B-00C04F79EFBC}") = "25_BaiTapBuoi7", "25_BaiTapBuoi7\25_BaiTapBuoi7.csproj", "{DFDB7A94-9898-44CD-BFB1-A3879CE67296}"
EndProject
Global
	GlobalSection(SolutionConfigurationPlatforms) = preSolution
		Debug|Any CPU = Debug|Any CPU
		Release|Any CPU = Release|Any CPU
	EndGlobalSection
	GlobalSection(ProjectConfigurationPlatforms) = postSolution
		{DFDB7A94-9898-44CD-BFB1-A3879CE67296}.Debug|Any CPU.ActiveCfg = Debug|Any CPU
		{DFDB7A94-9898-44CD-BFB1-A3879CE67296}.Debug|Any CPU.Build.0 = Debug|Any CPU
		{DFDB7A94-9898-44CD-BFB1-A3879CE67296}.Release|Any CPU.ActiveCfg = Release|Any CPU
		{DFDB7A94-9898-44CD-BFB1-A3879CE67296}.Release|Any CPU.Build.0 = Release|Any CPU
	EndGlobalSection
	GlobalSection(SolutionProperties) = preSolution
		HideSolutionNode = FALSE
	EndGlobalSection
EndGlobal
