
Microsoft Visual Studio Solution File, Format Version 12.00
# Visual Studio 2012
Project("{FAE04EC0-301F-11D3-BF4B-00C04F79EFBC}") = "16_SuDungCauTruc", "16_SuDungCauTruc\16_SuDungCauTruc.csproj", "{09E78ACC-4F25-4D3F-9086-EDC8E9B27AB3}"
EndProject
Global
	GlobalSection(SolutionConfigurationPlatforms) = preSolution
		Debug|Any CPU = Debug|Any CPU
		Release|Any CPU = Release|Any CPU
	EndGlobalSection
	GlobalSection(ProjectConfigurationPlatforms) = postSolution
		{09E78ACC-4F25-4D3F-9086-EDC8E9B27AB3}.Debug|Any CPU.ActiveCfg = Debug|Any CPU
		{09E78ACC-4F25-4D3F-9086-EDC8E9B27AB3}.Debug|Any CPU.Build.0 = Debug|Any CPU
		{09E78ACC-4F25-4D3F-9086-EDC8E9B27AB3}.Release|Any CPU.ActiveCfg = Release|Any CPU
		{09E78ACC-4F25-4D3F-9086-EDC8E9B27AB3}.Release|Any CPU.Build.0 = Release|Any CPU
	EndGlobalSection
	GlobalSection(SolutionProperties) = preSolution
		HideSolutionNode = FALSE
	EndGlobalSection
EndGlobal
