
Microsoft Visual Studio Solution File, Format Version 12.00
# Visual Studio 2012
Project("{FAE04EC0-301F-11D3-BF4B-00C04F79EFBC}") = "24_CuocPhiInternet", "24_CuocPhiInternet\24_CuocPhiInternet.csproj", "{317011F3-0F41-4BA5-8B82-C85C061C41AA}"
EndProject
Global
	GlobalSection(SolutionConfigurationPlatforms) = preSolution
		Debug|Any CPU = Debug|Any CPU
		Release|Any CPU = Release|Any CPU
	EndGlobalSection
	GlobalSection(ProjectConfigurationPlatforms) = postSolution
		{317011F3-0F41-4BA5-8B82-C85C061C41AA}.Debug|Any CPU.ActiveCfg = Debug|Any CPU
		{317011F3-0F41-4BA5-8B82-C85C061C41AA}.Debug|Any CPU.Build.0 = Debug|Any CPU
		{317011F3-0F41-4BA5-8B82-C85C061C41AA}.Release|Any CPU.ActiveCfg = Release|Any CPU
		{317011F3-0F41-4BA5-8B82-C85C061C41AA}.Release|Any CPU.Build.0 = Release|Any CPU
	EndGlobalSection
	GlobalSection(SolutionProperties) = preSolution
		HideSolutionNode = FALSE
	EndGlobalSection
EndGlobal
