
Microsoft Visual Studio Solution File, Format Version 12.00
# Visual Studio 2012
Project("{FAE04EC0-301F-11D3-BF4B-00C04F79EFBC}") = "09_XuLyChuoi", "09_XuLyChuoi\09_XuLyChuoi.csproj", "{78C4DDAA-6F9B-4266-BB41-182301F84AEF}"
EndProject
Global
	GlobalSection(SolutionConfigurationPlatforms) = preSolution
		Debug|Any CPU = Debug|Any CPU
		Release|Any CPU = Release|Any CPU
	EndGlobalSection
	GlobalSection(ProjectConfigurationPlatforms) = postSolution
		{78C4DDAA-6F9B-4266-BB41-182301F84AEF}.Debug|Any CPU.ActiveCfg = Debug|Any CPU
		{78C4DDAA-6F9B-4266-BB41-182301F84AEF}.Debug|Any CPU.Build.0 = Debug|Any CPU
		{78C4DDAA-6F9B-4266-BB41-182301F84AEF}.Release|Any CPU.ActiveCfg = Release|Any CPU
		{78C4DDAA-6F9B-4266-BB41-182301F84AEF}.Release|Any CPU.Build.0 = Release|Any CPU
	EndGlobalSection
	GlobalSection(SolutionProperties) = preSolution
		HideSolutionNode = FALSE
	EndGlobalSection
EndGlobal
